
Microsoft Visual Studio Solution File, Format Version 12.00
# Visual Studio Version 16
VisualStudioVersion = 16.0.30711.63
MinimumVisualStudioVersion = 10.0.40219.1
Project("{9A19103F-16F7-4668-BE54-9A1E7A4F7556}") = "Zek.Test", "src\Zek.Test\Zek.Test.csproj", "{ED5E77D1-253B-4153-BBE1-56C3CA505B1A}"
EndProject
Project("{9A19103F-16F7-4668-BE54-9A1E7A4F7556}") = "Zek", "src\Zek\Zek.csproj", "{1B547034-33EE-4BF8-81A7-11AC558F4120}"
EndProject
Global
	GlobalSection(SolutionConfigurationPlatforms) = preSolution
		Debug|Any CPU = Debug|Any CPU
		Release|Any CPU = Release|Any CPU
	EndGlobalSection
	GlobalSection(ProjectConfigurationPlatforms) = postSolution
		{ED5E77D1-253B-4153-BBE1-56C3CA505B1A}.Debug|Any CPU.ActiveCfg = Debug|Any CPU
		{ED5E77D1-253B-4153-BBE1-56C3CA505B1A}.Debug|Any CPU.Build.0 = Debug|Any CPU
		{ED5E77D1-253B-4153-BBE1-56C3CA505B1A}.Release|Any CPU.ActiveCfg = Release|Any CPU
		{ED5E77D1-253B-4153-BBE1-56C3CA505B1A}.Release|Any CPU.Build.0 = Release|Any CPU
		{1B547034-33EE-4BF8-81A7-11AC558F4120}.Debug|Any CPU.ActiveCfg = Debug|Any CPU
		{1B547034-33EE-4BF8-81A7-11AC558F4120}.Debug|Any CPU.Build.0 = Debug|Any CPU
		{1B547034-33EE-4BF8-81A7-11AC558F4120}.Release|Any CPU.ActiveCfg = Release|Any CPU
		{1B547034-33EE-4BF8-81A7-11AC558F4120}.Release|Any CPU.Build.0 = Release|Any CPU
	EndGlobalSection
	GlobalSection(SolutionProperties) = preSolution
		HideSolutionNode = FALSE
	EndGlobalSection
	GlobalSection(ExtensibilityGlobals) = postSolution
		SolutionGuid = {03E56385-7CDD-4D8A-9C41-4CA44C851783}
	EndGlobalSection
EndGlobal
